
Microsoft Visual Studio Solution File, Format Version 12.00
# Visual Studio Version 17
VisualStudioVersion = 17.13.35919.96 d17.13
MinimumVisualStudioVersion = 10.0.40219.1
Project("{FAE04EC0-301F-11D3-BF4B-00C04F79EFBC}") = "BookShop.web", "BookShop.web\BookShop.web.csproj", "{376E46B7-321A-4FA0-A845-B50686B5224A}"
EndProject
Project("{FAE04EC0-301F-11D3-BF4B-00C04F79EFBC}") = "BookShop.DAL", "BookShop.DAL\BookShop.DAL.csproj", "{CCD3FCAC-85F7-4333-B6EE-6F169936B367}"
EndProject
Project("{FAE04EC0-301F-11D3-BF4B-00C04F79EFBC}") = "BookShop.Entities", "BookShop.Entities\BookShop.Entities.csproj", "{B2F04335-4D58-4FCB-AAD0-7C57ECD3BB09}"
EndProject
Global
	GlobalSection(SolutionConfigurationPlatforms) = preSolution
		Debug|Any CPU = Debug|Any CPU
		Release|Any CPU = Release|Any CPU
	EndGlobalSection
	GlobalSection(ProjectConfigurationPlatforms) = postSolution
		{376E46B7-321A-4FA0-A845-B50686B5224A}.Debug|Any CPU.ActiveCfg = Debug|Any CPU
		{376E46B7-321A-4FA0-A845-B50686B5224A}.Debug|Any CPU.Build.0 = Debug|Any CPU
		{376E46B7-321A-4FA0-A845-B50686B5224A}.Release|Any CPU.ActiveCfg = Release|Any CPU
		{376E46B7-321A-4FA0-A845-B50686B5224A}.Release|Any CPU.Build.0 = Release|Any CPU
		{CCD3FCAC-85F7-4333-B6EE-6F169936B367}.Debug|Any CPU.ActiveCfg = Debug|Any CPU
		{CCD3FCAC-85F7-4333-B6EE-6F169936B367}.Debug|Any CPU.Build.0 = Debug|Any CPU
		{CCD3FCAC-85F7-4333-B6EE-6F169936B367}.Release|Any CPU.ActiveCfg = Release|Any CPU
		{CCD3FCAC-85F7-4333-B6EE-6F169936B367}.Release|Any CPU.Build.0 = Release|Any CPU
		{B2F04335-4D58-4FCB-AAD0-7C57ECD3BB09}.Debug|Any CPU.ActiveCfg = Debug|Any CPU
		{B2F04335-4D58-4FCB-AAD0-7C57ECD3BB09}.Debug|Any CPU.Build.0 = Debug|Any CPU
		{B2F04335-4D58-4FCB-AAD0-7C57ECD3BB09}.Release|Any CPU.ActiveCfg = Release|Any CPU
		{B2F04335-4D58-4FCB-AAD0-7C57ECD3BB09}.Release|Any CPU.Build.0 = Release|Any CPU
	EndGlobalSection
	GlobalSection(SolutionProperties) = preSolution
		HideSolutionNode = FALSE
	EndGlobalSection
	GlobalSection(ExtensibilityGlobals) = postSolution
		SolutionGuid = {B66A8AE6-895D-401A-A58B-72F0AFEC74B0}
	EndGlobalSection
EndGlobal
